
Microsoft Visual Studio Solution File, Format Version 12.00
# Visual Studio 15
VisualStudioVersion = 15.0.27004.2005
MinimumVisualStudioVersion = 10.0.40219.1
Project("{9A19103F-16F7-4668-BE54-9A1E7A4F7556}") = "StockJournal", "stockjournal\StockJournal.csproj", "{50E7D4A9-D566-49EF-AF48-DDF783D1233B}"
EndProject
Global
	GlobalSection(SolutionConfigurationPlatforms) = preSolution
		Debug|Any CPU = Debug|Any CPU
		Release|Any CPU = Release|Any CPU
	EndGlobalSection
	GlobalSection(ProjectConfigurationPlatforms) = postSolution
		{50E7D4A9-D566-49EF-AF48-DDF783D1233B}.Debug|Any CPU.ActiveCfg = Debug|Any CPU
		{50E7D4A9-D566-49EF-AF48-DDF783D1233B}.Debug|Any CPU.Build.0 = Debug|Any CPU
		{50E7D4A9-D566-49EF-AF48-DDF783D1233B}.Release|Any CPU.ActiveCfg = Release|Any CPU
		{50E7D4A9-D566-49EF-AF48-DDF783D1233B}.Release|Any CPU.Build.0 = Release|Any CPU
	EndGlobalSection
	GlobalSection(SolutionProperties) = preSolution
		HideSolutionNode = FALSE
	EndGlobalSection
	GlobalSection(ExtensibilityGlobals) = postSolution
		SolutionGuid = {25BB6056-23E4-424A-B46D-B4B03B215FAD}
	EndGlobalSection
EndGlobal
